
Microsoft Visual Studio Solution File, Format Version 12.00
# Visual Studio 2012
Project("{FAE04EC0-301F-11D3-BF4B-00C04F79EFBC}") = "MasterDetailPage", "MasterDetailPage\MasterDetailPage.csproj", "{1DAE5EE4-FC49-4667-9070-F7BE97C84CCD}"
EndProject
Project("{FAE04EC0-301F-11D3-BF4B-00C04F79EFBC}") = "MasterDetailPage.Droid", "Droid\MasterDetailPage.Droid.csproj", "{1FC943A6-AEE8-4819-8D30-D618A8E0EA03}"
EndProject
Global
	GlobalSection(SolutionConfigurationPlatforms) = preSolution
		Debug|Any CPU = Debug|Any CPU
		Release|Any CPU = Release|Any CPU
	EndGlobalSection
	GlobalSection(ProjectConfigurationPlatforms) = postSolution
		{1DAE5EE4-FC49-4667-9070-F7BE97C84CCD}.Debug|Any CPU.ActiveCfg = Debug|Any CPU
		{1DAE5EE4-FC49-4667-9070-F7BE97C84CCD}.Debug|Any CPU.Build.0 = Debug|Any CPU
		{1DAE5EE4-FC49-4667-9070-F7BE97C84CCD}.Release|Any CPU.ActiveCfg = Release|Any CPU
		{1DAE5EE4-FC49-4667-9070-F7BE97C84CCD}.Release|Any CPU.Build.0 = Release|Any CPU
		{1FC943A6-AEE8-4819-8D30-D618A8E0EA03}.Debug|Any CPU.ActiveCfg = Debug|Any CPU
		{1FC943A6-AEE8-4819-8D30-D618A8E0EA03}.Debug|Any CPU.Build.0 = Debug|Any CPU
		{1FC943A6-AEE8-4819-8D30-D618A8E0EA03}.Release|Any CPU.ActiveCfg = Release|Any CPU
		{1FC943A6-AEE8-4819-8D30-D618A8E0EA03}.Release|Any CPU.Build.0 = Release|Any CPU
	EndGlobalSection
EndGlobal
